
Microsoft Visual Studio Solution File, Format Version 12.00
# Visual Studio 15
VisualStudioVersion = 15.0.26430.16
MinimumVisualStudioVersion = 10.0.40219.1
Project("{FAE04EC0-301F-11D3-BF4B-00C04F79EFBC}") = "HelloWorld.Android", "HelloWorld\HelloWorld.Android\HelloWorld.Android.csproj", "{8AA0D503-6A71-45F4-A04B-A8FAE6B7E0BF}"
EndProject
Project("{FAE04EC0-301F-11D3-BF4B-00C04F79EFBC}") = "HelloWorld", "HelloWorld\HelloWorld\HelloWorld.csproj", "{705706F4-EE35-4D2F-A966-E8401060701B}"
EndProject
Project("{FAE04EC0-301F-11D3-BF4B-00C04F79EFBC}") = "HelloWorld.iOS", "HelloWorld\HelloWorld.iOS\HelloWorld.iOS.csproj", "{8CCE1F41-5005-4BF8-82AC-829B96D4FEB7}"
EndProject
Global
	GlobalSection(SolutionConfigurationPlatforms) = preSolution
		Ad-Hoc|Any CPU = Ad-Hoc|Any CPU
		Ad-Hoc|ARM = Ad-Hoc|ARM
		Ad-Hoc|iPhone = Ad-Hoc|iPhone
		Ad-Hoc|iPhoneSimulator = Ad-Hoc|iPhoneSimulator
		Ad-Hoc|x64 = Ad-Hoc|x64
		Ad-Hoc|x86 = Ad-Hoc|x86
		AppStore|Any CPU = AppStore|Any CPU
		AppStore|ARM = AppStore|ARM
		AppStore|iPhone = AppStore|iPhone
		AppStore|iPhoneSimulator = AppStore|iPhoneSimulator
		AppStore|x64 = AppStore|x64
		AppStore|x86 = AppStore|x86
		Debug|Any CPU = Debug|Any CPU
		Debug|ARM = Debug|ARM
		Debug|iPhone = Debug|iPhone
		Debug|iPhoneSimulator = Debug|iPhoneSimulator
		Debug|x64 = Debug|x64
		Debug|x86 = Debug|x86
		Release|Any CPU = Release|Any CPU
		Release|ARM = Release|ARM
		Release|iPhone = Release|iPhone
		Release|iPhoneSimulator = Release|iPhoneSimulator
		Release|x64 = Release|x64
		Release|x86 = Release|x86
	EndGlobalSection
	GlobalSection(ProjectConfigurationPlatforms) = postSolution
		{8AA0D503-6A71-45F4-A04B-A8FAE6B7E0BF}.Ad-Hoc|Any CPU.ActiveCfg = Release|Any CPU
		{8AA0D503-6A71-45F4-A04B-A8FAE6B7E0BF}.Ad-Hoc|Any CPU.Build.0 = Release|Any CPU
		{8AA0D503-6A71-45F4-A04B-A8FAE6B7E0BF}.Ad-Hoc|Any CPU.Deploy.0 = Release|Any CPU
		{8AA0D503-6A71-45F4-A04B-A8FAE6B7E0BF}.Ad-Hoc|ARM.ActiveCfg = Release|Any CPU
		{8AA0D503-6A71-45F4-A04B-A8FAE6B7E0BF}.Ad-Hoc|ARM.Build.0 = Release|Any CPU
		{8AA0D503-6A71-45F4-A04B-A8FAE6B7E0BF}.Ad-Hoc|ARM.Deploy.0 = Release|Any CPU
		{8AA0D503-6A71-45F4-A04B-A8FAE6B7E0BF}.Ad-Hoc|iPhone.ActiveCfg = Release|Any CPU
		{8AA0D503-6A71-45F4-A04B-A8FAE6B7E0BF}.Ad-Hoc|iPhone.Build.0 = Release|Any CPU
		{8AA0D503-6A71-45F4-A04B-A8FAE6B7E0BF}.Ad-Hoc|iPhone.Deploy.0 = Release|Any CPU
		{8AA0D503-6A71-45F4-A04B-A8FAE6B7E0BF}.Ad-Hoc|iPhoneSimulator.ActiveCfg = Release|Any CPU
		{8AA0D503-6A71-45F4-A04B-A8FAE6B7E0BF}.Ad-Hoc|iPhoneSimulator.Build.0 = Release|Any CPU
		{8AA0D503-6A71-45F4-A04B-A8FAE6B7E0BF}.Ad-Hoc|iPhoneSimulator.Deploy.0 = Release|Any CPU
		{8AA0D503-6A71-45F4-A04B-A8FAE6B7E0BF}.Ad-Hoc|x64.ActiveCfg = Release|Any CPU
		{8AA0D503-6A71-45F4-A04B-A8FAE6B7E0BF}.Ad-Hoc|x64.Build.0 = Release|Any CPU
		{8AA0D503-6A71-45F4-A04B-A8FAE6B7E0BF}.Ad-Hoc|x64.Deploy.0 = Release|Any CPU
		{8AA0D503-6A71-45F4-A04B-A8FAE6B7E0BF}.Ad-Hoc|x86.ActiveCfg = Release|Any CPU
		{8AA0D503-6A71-45F4-A04B-A8FAE6B7E0BF}.Ad-Hoc|x86.Build.0 = Release|Any CPU
		{8AA0D503-6A71-45F4-A04B-A8FAE6B7E0BF}.Ad-Hoc|x86.Deploy.0 = Release|Any CPU
		{8AA0D503-6A71-45F4-A04B-A8FAE6B7E0BF}.AppStore|Any CPU.ActiveCfg = Release|Any CPU
		{8AA0D503-6A71-45F4-A04B-A8FAE6B7E0BF}.AppStore|Any CPU.Build.0 = Release|Any CPU
		{8AA0D503-6A71-45F4-A04B-A8FAE6B7E0BF}.AppStore|Any CPU.Deploy.0 = Release|Any CPU
		{8AA0D503-6A71-45F4-A04B-A8FAE6B7E0BF}.AppStore|ARM.ActiveCfg = Release|Any CPU
		{8AA0D503-6A71-45F4-A04B-A8FAE6B7E0BF}.AppStore|ARM.Build.0 = Release|Any CPU
		{8AA0D503-6A71-45F4-A04B-A8FAE6B7E0BF}.AppStore|ARM.Deploy.0 = Release|Any CPU
		{8AA0D503-6A71-45F4-A04B-A8FAE6B7E0BF}.AppStore|iPhone.ActiveCfg = Release|Any CPU
		{8AA0D503-6A71-45F4-A04B-A8FAE6B7E0BF}.AppStore|iPhone.Build.0 = Release|Any CPU
		{8AA0D503-6A71-45F4-A04B-A8FAE6B7E0BF}.AppStore|iPhone.Deploy.0 = Release|Any CPU
		{8AA0D503-6A71-45F4-A04B-A8FAE6B7E0BF}.AppStore|iPhoneSimulator.ActiveCfg = Release|Any CPU
		{8AA0D503-6A71-45F4-A04B-A8FAE6B7E0BF}.AppStore|iPhoneSimulator.Build.0 = Release|Any CPU
		{8AA0D503-6A71-45F4-A04B-A8FAE6B7E0BF}.AppStore|iPhoneSimulator.Deploy.0 = Release|Any CPU
		{8AA0D503-6A71-45F4-A04B-A8FAE6B7E0BF}.AppStore|x64.ActiveCfg = Release|Any CPU
		{8AA0D503-6A71-45F4-A04B-A8FAE6B7E0BF}.AppStore|x64.Build.0 = Release|Any CPU
		{8AA0D503-6A71-45F4-A04B-A8FAE6B7E0BF}.AppStore|x64.Deploy.0 = Release|Any CPU
		{8AA0D503-6A71-45F4-A04B-A8FAE6B7E0BF}.AppStore|x86.ActiveCfg = Release|Any CPU
		{8AA0D503-6A71-45F4-A04B-A8FAE6B7E0BF}.AppStore|x86.Build.0 = Release|Any CPU
		{8AA0D503-6A71-45F4-A04B-A8FAE6B7E0BF}.AppStore|x86.Deploy.0 = Release|Any CPU
		{8AA0D503-6A71-45F4-A04B-A8FAE6B7E0BF}.Debug|Any CPU.ActiveCfg = Debug|Any CPU
		{8AA0D503-6A71-45F4-A04B-A8FAE6B7E0BF}.Debug|Any CPU.Build.0 = Debug|Any CPU
		{8AA0D503-6A71-45F4-A04B-A8FAE6B7E0BF}.Debug|Any CPU.Deploy.0 = Debug|Any CPU
		{8AA0D503-6A71-45F4-A04B-A8FAE6B7E0BF}.Debug|ARM.ActiveCfg = Debug|Any CPU
		{8AA0D503-6A71-45F4-A04B-A8FAE6B7E0BF}.Debug|ARM.Build.0 = Debug|Any CPU
		{8AA0D503-6A71-45F4-A04B-A8FAE6B7E0BF}.Debug|ARM.Deploy.0 = Debug|Any CPU
		{8AA0D503-6A71-45F4-A04B-A8FAE6B7E0BF}.Debug|iPhone.ActiveCfg = Debug|Any CPU
		{8AA0D503-6A71-45F4-A04B-A8FAE6B7E0BF}.Debug|iPhone.Build.0 = Debug|Any CPU
		{8AA0D503-6A71-45F4-A04B-A8FAE6B7E0BF}.Debug|iPhone.Deploy.0 = Debug|Any CPU
		{8AA0D503-6A71-45F4-A04B-A8FAE6B7E0BF}.Debug|iPhoneSimulator.ActiveCfg = Debug|Any CPU
		{8AA0D503-6A71-45F4-A04B-A8FAE6B7E0BF}.Debug|iPhoneSimulator.Build.0 = Debug|Any CPU
		{8AA0D503-6A71-45F4-A04B-A8FAE6B7E0BF}.Debug|iPhoneSimulator.Deploy.0 = Debug|Any CPU
		{8AA0D503-6A71-45F4-A04B-A8FAE6B7E0BF}.Debug|x64.ActiveCfg = Debug|Any CPU
		{8AA0D503-6A71-45F4-A04B-A8FAE6B7E0BF}.Debug|x64.Build.0 = Debug|Any CPU
		{8AA0D503-6A71-45F4-A04B-A8FAE6B7E0BF}.Debug|x64.Deploy.0 = Debug|Any CPU
		{8AA0D503-6A71-45F4-A04B-A8FAE6B7E0BF}.Debug|x86.ActiveCfg = Debug|Any CPU
		{8AA0D503-6A71-45F4-A04B-A8FAE6B7E0BF}.Debug|x86.Build.0 = Debug|Any CPU
		{8AA0D503-6A71-45F4-A04B-A8FAE6B7E0BF}.Debug|x86.Deploy.0 = Debug|Any CPU
		{8AA0D503-6A71-45F4-A04B-A8FAE6B7E0BF}.Release|Any CPU.ActiveCfg = Release|Any CPU
		{8AA0D503-6A71-45F4-A04B-A8FAE6B7E0BF}.Release|Any CPU.Build.0 = Release|Any CPU
		{8AA0D503-6A71-45F4-A04B-A8FAE6B7E0BF}.Release|Any CPU.Deploy.0 = Release|Any CPU
		{8AA0D503-6A71-45F4-A04B-A8FAE6B7E0BF}.Release|ARM.ActiveCfg = Release|Any CPU
		{8AA0D503-6A71-45F4-A04B-A8FAE6B7E0BF}.Release|ARM.Build.0 = Release|Any CPU
		{8AA0D503-6A71-45F4-A04B-A8FAE6B7E0BF}.Release|ARM.Deploy.0 = Release|Any CPU
		{8AA0D503-6A71-45F4-A04B-A8FAE6B7E0BF}.Release|iPhone.ActiveCfg = Release|Any CPU
		{8AA0D503-6A71-45F4-A04B-A8FAE6B7E0BF}.Release|iPhone.Build.0 = Release|Any CPU
		{8AA0D503-6A71-45F4-A04B-A8FAE6B7E0BF}.Release|iPhone.Deploy.0 = Release|Any CPU
		{8AA0D503-6A71-45F4-A04B-A8FAE6B7E0BF}.Release|iPhoneSimulator.ActiveCfg = Release|Any CPU
		{8AA0D503-6A71-45F4-A04B-A8FAE6B7E0BF}.Release|iPhoneSimulator.Build.0 = Release|Any CPU
		{8AA0D503-6A71-45F4-A04B-A8FAE6B7E0BF}.Release|iPhoneSimulator.Deploy.0 = Release|Any CPU
		{8AA0D503-6A71-45F4-A04B-A8FAE6B7E0BF}.Release|x64.ActiveCfg = Release|Any CPU
		{8AA0D503-6A71-45F4-A04B-A8FAE6B7E0BF}.Release|x64.Build.0 = Release|Any CPU
		{8AA0D503-6A71-45F4-A04B-A8FAE6B7E0BF}.Release|x64.Deploy.0 = Release|Any CPU
		{8AA0D503-6A71-45F4-A04B-A8FAE6B7E0BF}.Release|x86.ActiveCfg = Release|Any CPU
		{8AA0D503-6A71-45F4-A04B-A8FAE6B7E0BF}.Release|x86.Build.0 = Release|Any CPU
		{8AA0D503-6A71-45F4-A04B-A8FAE6B7E0BF}.Release|x86.Deploy.0 = Release|Any CPU
		{705706F4-EE35-4D2F-A966-E8401060701B}.Ad-Hoc|Any CPU.ActiveCfg = Release|Any CPU
		{705706F4-EE35-4D2F-A966-E8401060701B}.Ad-Hoc|Any CPU.Build.0 = Release|Any CPU
		{705706F4-EE35-4D2F-A966-E8401060701B}.Ad-Hoc|ARM.ActiveCfg = Release|Any CPU
		{705706F4-EE35-4D2F-A966-E8401060701B}.Ad-Hoc|ARM.Build.0 = Release|Any CPU
		{705706F4-EE35-4D2F-A966-E8401060701B}.Ad-Hoc|iPhone.ActiveCfg = Release|Any CPU
		{705706F4-EE35-4D2F-A966-E8401060701B}.Ad-Hoc|iPhone.Build.0 = Release|Any CPU
		{705706F4-EE35-4D2F-A966-E8401060701B}.Ad-Hoc|iPhoneSimulator.ActiveCfg = Release|Any CPU
		{705706F4-EE35-4D2F-A966-E8401060701B}.Ad-Hoc|iPhoneSimulator.Build.0 = Release|Any CPU
		{705706F4-EE35-4D2F-A966-E8401060701B}.Ad-Hoc|x64.ActiveCfg = Release|Any CPU
		{705706F4-EE35-4D2F-A966-E8401060701B}.Ad-Hoc|x64.Build.0 = Release|Any CPU
		{705706F4-EE35-4D2F-A966-E8401060701B}.Ad-Hoc|x86.ActiveCfg = Release|Any CPU
		{705706F4-EE35-4D2F-A966-E8401060701B}.Ad-Hoc|x86.Build.0 = Release|Any CPU
		{705706F4-EE35-4D2F-A966-E8401060701B}.AppStore|Any CPU.ActiveCfg = Release|Any CPU
		{705706F4-EE35-4D2F-A966-E8401060701B}.AppStore|Any CPU.Build.0 = Release|Any CPU
		{705706F4-EE35-4D2F-A966-E8401060701B}.AppStore|ARM.ActiveCfg = Release|Any CPU
		{705706F4-EE35-4D2F-A966-E8401060701B}.AppStore|ARM.Build.0 = Release|Any CPU
		{705706F4-EE35-4D2F-A966-E8401060701B}.AppStore|iPhone.ActiveCfg = Release|Any CPU
		{705706F4-EE35-4D2F-A966-E8401060701B}.AppStore|iPhone.Build.0 = Release|Any CPU
		{705706F4-EE35-4D2F-A966-E8401060701B}.AppStore|iPhoneSimulator.ActiveCfg = Release|Any CPU
		{705706F4-EE35-4D2F-A966-E8401060701B}.AppStore|iPhoneSimulator.Build.0 = Release|Any CPU
		{705706F4-EE35-4D2F-A966-E8401060701B}.AppStore|x64.ActiveCfg = Release|Any CPU
		{705706F4-EE35-4D2F-A966-E8401060701B}.AppStore|x64.Build.0 = Release|Any CPU
		{705706F4-EE35-4D2F-A966-E8401060701B}.AppStore|x86.ActiveCfg = Release|Any CPU
		{705706F4-EE35-4D2F-A966-E8401060701B}.AppStore|x86.Build.0 = Release|Any CPU
		{705706F4-EE35-4D2F-A966-E8401060701B}.Debug|Any CPU.ActiveCfg = Debug|Any CPU
		{705706F4-EE35-4D2F-A966-E8401060701B}.Debug|Any CPU.Build.0 = Debug|Any CPU
		{705706F4-EE35-4D2F-A966-E8401060701B}.Debug|ARM.ActiveCfg = Debug|Any CPU
		{705706F4-EE35-4D2F-A966-E8401060701B}.Debug|ARM.Build.0 = Debug|Any CPU
		{705706F4-EE35-4D2F-A966-E8401060701B}.Debug|iPhone.ActiveCfg = Debug|Any CPU
		{705706F4-EE35-4D2F-A966-E8401060701B}.Debug|iPhone.Build.0 = Debug|Any CPU
		{705706F4-EE35-4D2F-A966-E8401060701B}.Debug|iPhoneSimulator.ActiveCfg = Debug|Any CPU
		{705706F4-EE35-4D2F-A966-E8401060701B}.Debug|iPhoneSimulator.Build.0 = Debug|Any CPU
		{705706F4-EE35-4D2F-A966-E8401060701B}.Debug|x64.ActiveCfg = Debug|Any CPU
		{705706F4-EE35-4D2F-A966-E8401060701B}.Debug|x64.Build.0 = Debug|Any CPU
		{705706F4-EE35-4D2F-A966-E8401060701B}.Debug|x86.ActiveCfg = Debug|Any CPU
		{705706F4-EE35-4D2F-A966-E8401060701B}.Debug|x86.Build.0 = Debug|Any CPU
		{705706F4-EE35-4D2F-A966-E8401060701B}.Release|Any CPU.ActiveCfg = Release|Any CPU
		{705706F4-EE35-4D2F-A966-E8401060701B}.Release|Any CPU.Build.0 = Release|Any CPU
		{705706F4-EE35-4D2F-A966-E8401060701B}.Release|ARM.ActiveCfg = Release|Any CPU
		{705706F4-EE35-4D2F-A966-E8401060701B}.Release|ARM.Build.0 = Release|Any CPU
		{705706F4-EE35-4D2F-A966-E8401060701B}.Release|iPhone.ActiveCfg = Release|Any CPU
		{705706F4-EE35-4D2F-A966-E8401060701B}.Release|iPhone.Build.0 = Release|Any CPU
		{705706F4-EE35-4D2F-A966-E8401060701B}.Release|iPhoneSimulator.ActiveCfg = Release|Any CPU
		{705706F4-EE35-4D2F-A966-E8401060701B}.Release|iPhoneSimulator.Build.0 = Release|Any CPU
		{705706F4-EE35-4D2F-A966-E8401060701B}.Release|x64.ActiveCfg = Release|Any CPU
		{705706F4-EE35-4D2F-A966-E8401060701B}.Release|x64.Build.0 = Release|Any CPU
		{705706F4-EE35-4D2F-A966-E8401060701B}.Release|x86.ActiveCfg = Release|Any CPU
		{705706F4-EE35-4D2F-A966-E8401060701B}.Release|x86.Build.0 = Release|Any CPU
		{8CCE1F41-5005-4BF8-82AC-829B96D4FEB7}.Ad-Hoc|Any CPU.ActiveCfg = Ad-Hoc|iPhone
		{8CCE1F41-5005-4BF8-82AC-829B96D4FEB7}.Ad-Hoc|ARM.ActiveCfg = Ad-Hoc|iPhone
		{8CCE1F41-5005-4BF8-82AC-829B96D4FEB7}.Ad-Hoc|iPhone.ActiveCfg = Ad-Hoc|iPhone
		{8CCE1F41-5005-4BF8-82AC-829B96D4FEB7}.Ad-Hoc|iPhone.Build.0 = Ad-Hoc|iPhone
		{8CCE1F41-5005-4BF8-82AC-829B96D4FEB7}.Ad-Hoc|iPhoneSimulator.ActiveCfg = Ad-Hoc|iPhoneSimulator
		{8CCE1F41-5005-4BF8-82AC-829B96D4FEB7}.Ad-Hoc|iPhoneSimulator.Build.0 = Ad-Hoc|iPhoneSimulator
		{8CCE1F41-5005-4BF8-82AC-829B96D4FEB7}.Ad-Hoc|x64.ActiveCfg = Ad-Hoc|iPhone
		{8CCE1F41-5005-4BF8-82AC-829B96D4FEB7}.Ad-Hoc|x86.ActiveCfg = Ad-Hoc|iPhone
		{8CCE1F41-5005-4BF8-82AC-829B96D4FEB7}.AppStore|Any CPU.ActiveCfg = AppStore|iPhone
		{8CCE1F41-5005-4BF8-82AC-829B96D4FEB7}.AppStore|ARM.ActiveCfg = AppStore|iPhone
		{8CCE1F41-5005-4BF8-82AC-829B96D4FEB7}.AppStore|iPhone.ActiveCfg = AppStore|iPhone
		{8CCE1F41-5005-4BF8-82AC-829B96D4FEB7}.AppStore|iPhone.Build.0 = AppStore|iPhone
		{8CCE1F41-5005-4BF8-82AC-829B96D4FEB7}.AppStore|iPhoneSimulator.ActiveCfg = AppStore|iPhoneSimulator
		{8CCE1F41-5005-4BF8-82AC-829B96D4FEB7}.AppStore|iPhoneSimulator.Build.0 = AppStore|iPhoneSimulator
		{8CCE1F41-5005-4BF8-82AC-829B96D4FEB7}.AppStore|x64.ActiveCfg = AppStore|iPhone
		{8CCE1F41-5005-4BF8-82AC-829B96D4FEB7}.AppStore|x86.ActiveCfg = AppStore|iPhone
		{8CCE1F41-5005-4BF8-82AC-829B96D4FEB7}.Debug|Any CPU.ActiveCfg = Debug|iPhone
		{8CCE1F41-5005-4BF8-82AC-829B96D4FEB7}.Debug|ARM.ActiveCfg = Debug|iPhone
		{8CCE1F41-5005-4BF8-82AC-829B96D4FEB7}.Debug|iPhone.ActiveCfg = Debug|iPhone
		{8CCE1F41-5005-4BF8-82AC-829B96D4FEB7}.Debug|iPhone.Build.0 = Debug|iPhone
		{8CCE1F41-5005-4BF8-82AC-829B96D4FEB7}.Debug|iPhoneSimulator.ActiveCfg = Debug|iPhoneSimulator
		{8CCE1F41-5005-4BF8-82AC-829B96D4FEB7}.Debug|iPhoneSimulator.Build.0 = Debug|iPhoneSimulator
		{8CCE1F41-5005-4BF8-82AC-829B96D4FEB7}.Debug|x64.ActiveCfg = Debug|iPhone
		{8CCE1F41-5005-4BF8-82AC-829B96D4FEB7}.Debug|x86.ActiveCfg = Debug|iPhone
		{8CCE1F41-5005-4BF8-82AC-829B96D4FEB7}.Release|Any CPU.ActiveCfg = Release|iPhone
		{8CCE1F41-5005-4BF8-82AC-829B96D4FEB7}.Release|ARM.ActiveCfg = Release|iPhone
		{8CCE1F41-5005-4BF8-82AC-829B96D4FEB7}.Release|iPhone.ActiveCfg = Release|iPhone
		{8CCE1F41-5005-4BF8-82AC-829B96D4FEB7}.Release|iPhone.Build.0 = Release|iPhone
		{8CCE1F41-5005-4BF8-82AC-829B96D4FEB7}.Release|iPhoneSimulator.ActiveCfg = Release|iPhoneSimulator
		{8CCE1F41-5005-4BF8-82AC-829B96D4FEB7}.Release|iPhoneSimulator.Build.0 = Release|iPhoneSimulator
		{8CCE1F41-5005-4BF8-82AC-829B96D4FEB7}.Release|x64.ActiveCfg = Release|iPhone
		{8CCE1F41-5005-4BF8-82AC-829B96D4FEB7}.Release|x86.ActiveCfg = Release|iPhone
	EndGlobalSection
	GlobalSection(SolutionProperties) = preSolution
		HideSolutionNode = FALSE
	EndGlobalSection
EndGlobal
